
Microsoft Visual Studio Solution File, Format Version 12.00
# Visual Studio Version 16
VisualStudioVersion = 16.0.30503.244
MinimumVisualStudioVersion = 10.0.40219.1
Project("{2150E333-8FDC-42A3-9474-1A3956D46DE8}") = "Solution Items", "Solution Items", "{F80A5E4A-A5AD-4A02-A534-EDC6F69D28A1}"
	ProjectSection(SolutionItems) = preProject
		README.txt = README.txt
	EndProjectSection
EndProject
Project("{9A19103F-16F7-4668-BE54-9A1E7A4F7556}") = "SnapGame", "SnapGame\SnapGame.csproj", "{EAD1EEB8-768B-4FDB-A9F6-4ECBEAE70FDC}"
EndProject
Project("{9A19103F-16F7-4668-BE54-9A1E7A4F7556}") = "SnapGame.Tests", "SnapGame.Tests\SnapGame.Tests.csproj", "{8DDBC663-3238-4A86-946A-5B5C093F17EC}"
EndProject
Global
	GlobalSection(SolutionConfigurationPlatforms) = preSolution
		Debug|Any CPU = Debug|Any CPU
		Release|Any CPU = Release|Any CPU
	EndGlobalSection
	GlobalSection(ProjectConfigurationPlatforms) = postSolution
		{EAD1EEB8-768B-4FDB-A9F6-4ECBEAE70FDC}.Debug|Any CPU.ActiveCfg = Debug|Any CPU
		{EAD1EEB8-768B-4FDB-A9F6-4ECBEAE70FDC}.Debug|Any CPU.Build.0 = Debug|Any CPU
		{EAD1EEB8-768B-4FDB-A9F6-4ECBEAE70FDC}.Release|Any CPU.ActiveCfg = Release|Any CPU
		{EAD1EEB8-768B-4FDB-A9F6-4ECBEAE70FDC}.Release|Any CPU.Build.0 = Release|Any CPU
		{8DDBC663-3238-4A86-946A-5B5C093F17EC}.Debug|Any CPU.ActiveCfg = Debug|Any CPU
		{8DDBC663-3238-4A86-946A-5B5C093F17EC}.Debug|Any CPU.Build.0 = Debug|Any CPU
		{8DDBC663-3238-4A86-946A-5B5C093F17EC}.Release|Any CPU.ActiveCfg = Release|Any CPU
		{8DDBC663-3238-4A86-946A-5B5C093F17EC}.Release|Any CPU.Build.0 = Release|Any CPU
	EndGlobalSection
	GlobalSection(SolutionProperties) = preSolution
		HideSolutionNode = FALSE
	EndGlobalSection
	GlobalSection(NestedProjects) = preSolution
		{EAD1EEB8-768B-4FDB-A9F6-4ECBEAE70FDC} = {F80A5E4A-A5AD-4A02-A534-EDC6F69D28A1}
		{8DDBC663-3238-4A86-946A-5B5C093F17EC} = {F80A5E4A-A5AD-4A02-A534-EDC6F69D28A1}
	EndGlobalSection
	GlobalSection(ExtensibilityGlobals) = postSolution
		SolutionGuid = {42CF285F-3D35-40D4-AF9A-87EF7C9A8F34}
	EndGlobalSection
EndGlobal
